# THIS IS AN AUTOGENERATED FILE. DO NOT EDIT THIS FILE DIRECTLY.
# yarn lockfile v1


"@strapi/icons@^1.3.1":
  version "1.6.1"
  resolved "https://registry.yarnpkg.com/@strapi/icons/-/icons-1.6.1.tgz#39dfaaf75e44e0e94bd38ff04df8b9294ef1dd52"
  integrity sha512-CcbJl1CrLNNu8dwwdzwUYQp8Q6htBBbi65MrfHf4wuKrAWyNthTYTvnyqh4Px67hhZ7V1SAN2WyLy2UzjC/0bQ==

typescript@4.6.3:
  version "4.6.3"
  resolved "https://registry.yarnpkg.com/typescript/-/typescript-4.6.3.tgz#eefeafa6afdd31d725584c67a0eaba80f6fc6c6c"
  integrity sha512-yNIatDa5iaofVozS/uQJEl3JRWLKKGJKh6Yaiv0GLGSuhpFJe7P3SbHZ8/yjAHRQwKRoA6YZqlfjXWmVzoVSMw==
